// !$*UTF8*$!
{
	archiveVersion = 1;
	classes = {
	};
	objectVersion = 56;
	objects = {

/* Begin PBXGroup section */
		00000000000000000000001 = {
			isa = PBXGroup;
			children = (
				00000000000000000000002 /* WeatherHabitTracker */,
				00000000000000000000003 /* WeatherHabitTrackerTests */,
				00000000000000000000004 /* WeatherHabitTrackerUITests */,
			);
			sourceTree = "<group>";
		};
		00000000000000000000002 /* WeatherHabitTracker */ = {
			isa = PBXGroup;
			children = (
			);
			path = WeatherHabitTracker;
			sourceTree = "<group>";
		};
		00000000000000000000003 /* WeatherHabitTrackerTests */ = {
			isa = PBXGroup;
			children = (
			);
			path = WeatherHabitTrackerTests;
			sourceTree = "<group>";
		};
		00000000000000000000004 /* WeatherHabitTrackerUITests */ = {
			isa = PBXGroup;
			children = (
			);
			path = WeatherHabitTrackerUITests;
			sourceTree = "<group>";
		};
/* End PBXGroup section */

	};
	rootObject = 00000000000000000000000 /* Project object */;
}
